
Microsoft Visual Studio Solution File, Format Version 12.00
# Visual Studio Version 16
VisualStudioVersion = 16.0.31911.196
MinimumVisualStudioVersion = 10.0.40219.1
Project("{2150E333-8FDC-42A3-9474-1A3956D46DE8}") = "Bibloteca", "Bibloteca", "{77B1132A-E323-4956-94B9-2D4D046888B3}"
EndProject
Project("{2150E333-8FDC-42A3-9474-1A3956D46DE8}") = "GUI", "GUI", "{24016A06-BBAA-4379-9DE6-8C5257154C73}"
EndProject
Project("{9A19103F-16F7-4668-BE54-9A1E7A4F7556}") = "Entidades", "Entidades\Entidades.csproj", "{17AD50AF-EC07-4757-8E6B-B23A0D2D98DA}"
EndProject
Project("{9A19103F-16F7-4668-BE54-9A1E7A4F7556}") = "MenuPrincipal", "Form\MenuPrincipal\MenuPrincipal.csproj", "{3523581B-5ECA-4D0A-94D2-9E91C501D7FA}"
EndProject
Project("{9A19103F-16F7-4668-BE54-9A1E7A4F7556}") = "VentanaEmergenteConInformacion", "VentanaEmergenteConInformacion\VentanaEmergenteConInformacion.csproj", "{982EDEEE-D794-441F-8080-21585BCA3269}"
EndProject
Project("{9A19103F-16F7-4668-BE54-9A1E7A4F7556}") = "VentanaEmergenteConInputBox", "VentanaEmergenteConInputBox\VentanaEmergenteConInputBox.csproj", "{D03F2665-8031-486E-91FB-433D01B13C19}"
EndProject
Project("{9A19103F-16F7-4668-BE54-9A1E7A4F7556}") = "MostrarLista", "MostrarListaDePacientes\MostrarLista.csproj", "{F2EE06DB-1ED1-4402-842C-CD5C34392A7A}"
EndProject
Project("{9A19103F-16F7-4668-BE54-9A1E7A4F7556}") = "GestorArchivos", "GestorArchivos\GestorArchivos.csproj", "{07DCD1D2-94D2-4696-9838-D50F20DF94C5}"
EndProject
Project("{9A19103F-16F7-4668-BE54-9A1E7A4F7556}") = "NuevaAtencion", "NuevaAtencion\NuevaAtencion.csproj", "{EE0AADE3-3429-4FBD-BDD5-B861A1322F25}"
EndProject
Project("{9A19103F-16F7-4668-BE54-9A1E7A4F7556}") = "MostrarUnPaciente", "MostrarUnPaciente\MostrarUnPaciente.csproj", "{076DCFC7-69C5-47A9-A8FB-9D44715D856D}"
EndProject
Project("{9A19103F-16F7-4668-BE54-9A1E7A4F7556}") = "VentanaEmergenteConInputBoxSimple", "VentanaEmergenteConInputBoxSimple\VentanaEmergenteConInputBoxSimple.csproj", "{3B0585D1-E9CC-4859-8AFA-BF42631DBECB}"
EndProject
Project("{9A19103F-16F7-4668-BE54-9A1E7A4F7556}") = "Excepciones", "Excepciones\Excepciones.csproj", "{8629D00E-B224-4C3C-9E39-F0583A15F82C}"
EndProject
Project("{2150E333-8FDC-42A3-9474-1A3956D46DE8}") = "Test unitarios", "Test unitarios", "{4ACB775D-AE71-4FD7-BE73-F0CEF2AF59D2}"
EndProject
Project("{9A19103F-16F7-4668-BE54-9A1E7A4F7556}") = "TestPersonas", "TestPersonas\TestPersonas.csproj", "{5CD98899-6FA7-48B8-A467-C96A1418844B}"
EndProject
Project("{FAE04EC0-301F-11D3-BF4B-00C04F79EFBC}") = "NuevoPaciente", "NuevoPaciente\NuevoPaciente.csproj", "{B6DBE918-0B13-4F61-BD29-43E6DCF3E865}"
EndProject
Global
	GlobalSection(SolutionConfigurationPlatforms) = preSolution
		Debug|Any CPU = Debug|Any CPU
		Release|Any CPU = Release|Any CPU
	EndGlobalSection
	GlobalSection(ProjectConfigurationPlatforms) = postSolution
		{17AD50AF-EC07-4757-8E6B-B23A0D2D98DA}.Debug|Any CPU.ActiveCfg = Debug|Any CPU
		{17AD50AF-EC07-4757-8E6B-B23A0D2D98DA}.Debug|Any CPU.Build.0 = Debug|Any CPU
		{17AD50AF-EC07-4757-8E6B-B23A0D2D98DA}.Release|Any CPU.ActiveCfg = Release|Any CPU
		{17AD50AF-EC07-4757-8E6B-B23A0D2D98DA}.Release|Any CPU.Build.0 = Release|Any CPU
		{3523581B-5ECA-4D0A-94D2-9E91C501D7FA}.Debug|Any CPU.ActiveCfg = Debug|Any CPU
		{3523581B-5ECA-4D0A-94D2-9E91C501D7FA}.Debug|Any CPU.Build.0 = Debug|Any CPU
		{3523581B-5ECA-4D0A-94D2-9E91C501D7FA}.Release|Any CPU.ActiveCfg = Release|Any CPU
		{3523581B-5ECA-4D0A-94D2-9E91C501D7FA}.Release|Any CPU.Build.0 = Release|Any CPU
		{982EDEEE-D794-441F-8080-21585BCA3269}.Debug|Any CPU.ActiveCfg = Debug|Any CPU
		{982EDEEE-D794-441F-8080-21585BCA3269}.Debug|Any CPU.Build.0 = Debug|Any CPU
		{982EDEEE-D794-441F-8080-21585BCA3269}.Release|Any CPU.ActiveCfg = Release|Any CPU
		{982EDEEE-D794-441F-8080-21585BCA3269}.Release|Any CPU.Build.0 = Release|Any CPU
		{D03F2665-8031-486E-91FB-433D01B13C19}.Debug|Any CPU.ActiveCfg = Debug|Any CPU
		{D03F2665-8031-486E-91FB-433D01B13C19}.Debug|Any CPU.Build.0 = Debug|Any CPU
		{D03F2665-8031-486E-91FB-433D01B13C19}.Release|Any CPU.ActiveCfg = Release|Any CPU
		{D03F2665-8031-486E-91FB-433D01B13C19}.Release|Any CPU.Build.0 = Release|Any CPU
		{F2EE06DB-1ED1-4402-842C-CD5C34392A7A}.Debug|Any CPU.ActiveCfg = Debug|Any CPU
		{F2EE06DB-1ED1-4402-842C-CD5C34392A7A}.Debug|Any CPU.Build.0 = Debug|Any CPU
		{F2EE06DB-1ED1-4402-842C-CD5C34392A7A}.Release|Any CPU.ActiveCfg = Release|Any CPU
		{F2EE06DB-1ED1-4402-842C-CD5C34392A7A}.Release|Any CPU.Build.0 = Release|Any CPU
		{07DCD1D2-94D2-4696-9838-D50F20DF94C5}.Debug|Any CPU.ActiveCfg = Debug|Any CPU
		{07DCD1D2-94D2-4696-9838-D50F20DF94C5}.Debug|Any CPU.Build.0 = Debug|Any CPU
		{07DCD1D2-94D2-4696-9838-D50F20DF94C5}.Release|Any CPU.ActiveCfg = Release|Any CPU
		{07DCD1D2-94D2-4696-9838-D50F20DF94C5}.Release|Any CPU.Build.0 = Release|Any CPU
		{EE0AADE3-3429-4FBD-BDD5-B861A1322F25}.Debug|Any CPU.ActiveCfg = Debug|Any CPU
		{EE0AADE3-3429-4FBD-BDD5-B861A1322F25}.Debug|Any CPU.Build.0 = Debug|Any CPU
		{EE0AADE3-3429-4FBD-BDD5-B861A1322F25}.Release|Any CPU.ActiveCfg = Release|Any CPU
		{EE0AADE3-3429-4FBD-BDD5-B861A1322F25}.Release|Any CPU.Build.0 = Release|Any CPU
		{076DCFC7-69C5-47A9-A8FB-9D44715D856D}.Debug|Any CPU.ActiveCfg = Debug|Any CPU
		{076DCFC7-69C5-47A9-A8FB-9D44715D856D}.Debug|Any CPU.Build.0 = Debug|Any CPU
		{076DCFC7-69C5-47A9-A8FB-9D44715D856D}.Release|Any CPU.ActiveCfg = Release|Any CPU
		{076DCFC7-69C5-47A9-A8FB-9D44715D856D}.Release|Any CPU.Build.0 = Release|Any CPU
		{3B0585D1-E9CC-4859-8AFA-BF42631DBECB}.Debug|Any CPU.ActiveCfg = Debug|Any CPU
		{3B0585D1-E9CC-4859-8AFA-BF42631DBECB}.Debug|Any CPU.Build.0 = Debug|Any CPU
		{3B0585D1-E9CC-4859-8AFA-BF42631DBECB}.Release|Any CPU.ActiveCfg = Release|Any CPU
		{3B0585D1-E9CC-4859-8AFA-BF42631DBECB}.Release|Any CPU.Build.0 = Release|Any CPU
		{8629D00E-B224-4C3C-9E39-F0583A15F82C}.Debug|Any CPU.ActiveCfg = Debug|Any CPU
		{8629D00E-B224-4C3C-9E39-F0583A15F82C}.Debug|Any CPU.Build.0 = Debug|Any CPU
		{8629D00E-B224-4C3C-9E39-F0583A15F82C}.Release|Any CPU.ActiveCfg = Release|Any CPU
		{8629D00E-B224-4C3C-9E39-F0583A15F82C}.Release|Any CPU.Build.0 = Release|Any CPU
		{5CD98899-6FA7-48B8-A467-C96A1418844B}.Debug|Any CPU.ActiveCfg = Debug|Any CPU
		{5CD98899-6FA7-48B8-A467-C96A1418844B}.Debug|Any CPU.Build.0 = Debug|Any CPU
		{5CD98899-6FA7-48B8-A467-C96A1418844B}.Release|Any CPU.ActiveCfg = Release|Any CPU
		{5CD98899-6FA7-48B8-A467-C96A1418844B}.Release|Any CPU.Build.0 = Release|Any CPU
		{B6DBE918-0B13-4F61-BD29-43E6DCF3E865}.Debug|Any CPU.ActiveCfg = Debug|Any CPU
		{B6DBE918-0B13-4F61-BD29-43E6DCF3E865}.Debug|Any CPU.Build.0 = Debug|Any CPU
		{B6DBE918-0B13-4F61-BD29-43E6DCF3E865}.Release|Any CPU.ActiveCfg = Release|Any CPU
		{B6DBE918-0B13-4F61-BD29-43E6DCF3E865}.Release|Any CPU.Build.0 = Release|Any CPU
	EndGlobalSection
	GlobalSection(SolutionProperties) = preSolution
		HideSolutionNode = FALSE
	EndGlobalSection
	GlobalSection(NestedProjects) = preSolution
		{17AD50AF-EC07-4757-8E6B-B23A0D2D98DA} = {77B1132A-E323-4956-94B9-2D4D046888B3}
		{3523581B-5ECA-4D0A-94D2-9E91C501D7FA} = {24016A06-BBAA-4379-9DE6-8C5257154C73}
		{982EDEEE-D794-441F-8080-21585BCA3269} = {24016A06-BBAA-4379-9DE6-8C5257154C73}
		{D03F2665-8031-486E-91FB-433D01B13C19} = {24016A06-BBAA-4379-9DE6-8C5257154C73}
		{F2EE06DB-1ED1-4402-842C-CD5C34392A7A} = {24016A06-BBAA-4379-9DE6-8C5257154C73}
		{07DCD1D2-94D2-4696-9838-D50F20DF94C5} = {77B1132A-E323-4956-94B9-2D4D046888B3}
		{EE0AADE3-3429-4FBD-BDD5-B861A1322F25} = {24016A06-BBAA-4379-9DE6-8C5257154C73}
		{076DCFC7-69C5-47A9-A8FB-9D44715D856D} = {24016A06-BBAA-4379-9DE6-8C5257154C73}
		{3B0585D1-E9CC-4859-8AFA-BF42631DBECB} = {24016A06-BBAA-4379-9DE6-8C5257154C73}
		{8629D00E-B224-4C3C-9E39-F0583A15F82C} = {77B1132A-E323-4956-94B9-2D4D046888B3}
		{5CD98899-6FA7-48B8-A467-C96A1418844B} = {4ACB775D-AE71-4FD7-BE73-F0CEF2AF59D2}
		{B6DBE918-0B13-4F61-BD29-43E6DCF3E865} = {24016A06-BBAA-4379-9DE6-8C5257154C73}
	EndGlobalSection
	GlobalSection(ExtensibilityGlobals) = postSolution
		SolutionGuid = {A4A75601-C0A2-4727-B6DE-E8C29B135796}
	EndGlobalSection
EndGlobal
